{
  "name": "edx-module1-assignmentlab-csvToJSON",
  "version": "1.0.0",
  "lockfileVersion": 1,
  "requires": true,
  "dependencies": {
    "convert-csv-to-json": {
      "version": "0.0.13",
      "resolved": "https://registry.npmjs.org/convert-csv-to-json/-/convert-csv-to-json-0.0.13.tgz",
      "integrity": "sha1-GvBJv3jOpnNXWFXYaiTyggf4nAg="
    },
    "csv-to-json": {
      "version": "0.1.2",
      "resolved": "https://registry.npmjs.org/csv-to-json/-/csv-to-json-0.1.2.tgz",
      "integrity": "sha1-V5h7UPBurXRT5yJUNjD/dfuVOaA="
    }
  }
}
